
Microsoft Visual Studio Solution File, Format Version 12.00
# Visual Studio Version 17
VisualStudioVersion = 17.0.31903.59
MinimumVisualStudioVersion = 10.0.40219.1
Project("{9A19103F-16F7-4668-BE54-9A1E7A4F7556}") = "ForumApp.Core", "ForumApp.Core\ForumApp.Core.csproj", "{1FE29BB4-3F69-4089-9D86-E1FF158EA1A2}"
EndProject
Project("{9A19103F-16F7-4668-BE54-9A1E7A4F7556}") = "ForumApp.Application", "ForumApp.Application\ForumApp.Application.csproj", "{5E49D7FF-4899-482F-98D5-EF4D156A81CA}"
EndProject
Project("{9A19103F-16F7-4668-BE54-9A1E7A4F7556}") = "ForumApp.Infrastructure", "ForumApp.Infrastructure\ForumApp.Infrastructure.csproj", "{DFCBE336-F2A3-40E4-93B2-7DC8438068D3}"
EndProject
Project("{FAE04EC0-301F-11D3-BF4B-00C04F79EFBC}") = "ForumApp.WebApi", "WebApi\ForumApp.WebApi.csproj", "{7CF8C713-A926-43A8-ABD6-7A682926CDA6}"
EndProject
Global
	GlobalSection(SolutionConfigurationPlatforms) = preSolution
		Debug|Any CPU = Debug|Any CPU
		Release|Any CPU = Release|Any CPU
	EndGlobalSection
	GlobalSection(ProjectConfigurationPlatforms) = postSolution
		{1FE29BB4-3F69-4089-9D86-E1FF158EA1A2}.Debug|Any CPU.ActiveCfg = Debug|Any CPU
		{1FE29BB4-3F69-4089-9D86-E1FF158EA1A2}.Debug|Any CPU.Build.0 = Debug|Any CPU
		{1FE29BB4-3F69-4089-9D86-E1FF158EA1A2}.Release|Any CPU.ActiveCfg = Release|Any CPU
		{1FE29BB4-3F69-4089-9D86-E1FF158EA1A2}.Release|Any CPU.Build.0 = Release|Any CPU
		{5E49D7FF-4899-482F-98D5-EF4D156A81CA}.Debug|Any CPU.ActiveCfg = Debug|Any CPU
		{5E49D7FF-4899-482F-98D5-EF4D156A81CA}.Debug|Any CPU.Build.0 = Debug|Any CPU
		{5E49D7FF-4899-482F-98D5-EF4D156A81CA}.Release|Any CPU.ActiveCfg = Release|Any CPU
		{5E49D7FF-4899-482F-98D5-EF4D156A81CA}.Release|Any CPU.Build.0 = Release|Any CPU
		{DFCBE336-F2A3-40E4-93B2-7DC8438068D3}.Debug|Any CPU.ActiveCfg = Debug|Any CPU
		{DFCBE336-F2A3-40E4-93B2-7DC8438068D3}.Debug|Any CPU.Build.0 = Debug|Any CPU
		{DFCBE336-F2A3-40E4-93B2-7DC8438068D3}.Release|Any CPU.ActiveCfg = Release|Any CPU
		{DFCBE336-F2A3-40E4-93B2-7DC8438068D3}.Release|Any CPU.Build.0 = Release|Any CPU
		{7CF8C713-A926-43A8-ABD6-7A682926CDA6}.Debug|Any CPU.ActiveCfg = Debug|Any CPU
		{7CF8C713-A926-43A8-ABD6-7A682926CDA6}.Debug|Any CPU.Build.0 = Debug|Any CPU
		{7CF8C713-A926-43A8-ABD6-7A682926CDA6}.Release|Any CPU.ActiveCfg = Release|Any CPU
		{7CF8C713-A926-43A8-ABD6-7A682926CDA6}.Release|Any CPU.Build.0 = Release|Any CPU
	EndGlobalSection
	GlobalSection(SolutionProperties) = preSolution
		HideSolutionNode = FALSE
	EndGlobalSection
	GlobalSection(ExtensibilityGlobals) = postSolution
		SolutionGuid = {D23C122D-1027-4B81-97FB-BC34A6A625B2}
	EndGlobalSection
EndGlobal
